
Microsoft Visual Studio Solution File, Format Version 12.00
# Visual Studio Version 17
VisualStudioVersion = 17.9.34728.123
MinimumVisualStudioVersion = 10.0.40219.1
Project("{FAE04EC0-301F-11D3-BF4B-00C04F79EFBC}") = "EComProject", "EComProject\EComProject.csproj", "{39F38E8E-57CB-4D2B-A2BB-EF0935D87749}"
EndProject
Project("{FAE04EC0-301F-11D3-BF4B-00C04F79EFBC}") = "BusinessLogicLayer", "BusinessLogicLayer\BusinessLogicLayer.csproj", "{15127D2A-858C-41CE-8E0E-6AF476C7A562}"
EndProject
Project("{FAE04EC0-301F-11D3-BF4B-00C04F79EFBC}") = "DataAccessLayer", "DataAccessLayer\DataAccessLayer.csproj", "{9951ABEB-D7EB-4630-9FD1-41D56BCBDB6A}"
EndProject
Global
	GlobalSection(SolutionConfigurationPlatforms) = preSolution
		Debug|Any CPU = Debug|Any CPU
		Release|Any CPU = Release|Any CPU
	EndGlobalSection
	GlobalSection(ProjectConfigurationPlatforms) = postSolution
		{39F38E8E-57CB-4D2B-A2BB-EF0935D87749}.Debug|Any CPU.ActiveCfg = Debug|Any CPU
		{39F38E8E-57CB-4D2B-A2BB-EF0935D87749}.Debug|Any CPU.Build.0 = Debug|Any CPU
		{39F38E8E-57CB-4D2B-A2BB-EF0935D87749}.Release|Any CPU.ActiveCfg = Release|Any CPU
		{39F38E8E-57CB-4D2B-A2BB-EF0935D87749}.Release|Any CPU.Build.0 = Release|Any CPU
		{15127D2A-858C-41CE-8E0E-6AF476C7A562}.Debug|Any CPU.ActiveCfg = Debug|Any CPU
		{15127D2A-858C-41CE-8E0E-6AF476C7A562}.Debug|Any CPU.Build.0 = Debug|Any CPU
		{15127D2A-858C-41CE-8E0E-6AF476C7A562}.Release|Any CPU.ActiveCfg = Release|Any CPU
		{15127D2A-858C-41CE-8E0E-6AF476C7A562}.Release|Any CPU.Build.0 = Release|Any CPU
		{9951ABEB-D7EB-4630-9FD1-41D56BCBDB6A}.Debug|Any CPU.ActiveCfg = Debug|Any CPU
		{9951ABEB-D7EB-4630-9FD1-41D56BCBDB6A}.Debug|Any CPU.Build.0 = Debug|Any CPU
		{9951ABEB-D7EB-4630-9FD1-41D56BCBDB6A}.Release|Any CPU.ActiveCfg = Release|Any CPU
		{9951ABEB-D7EB-4630-9FD1-41D56BCBDB6A}.Release|Any CPU.Build.0 = Release|Any CPU
	EndGlobalSection
	GlobalSection(SolutionProperties) = preSolution
		HideSolutionNode = FALSE
	EndGlobalSection
	GlobalSection(ExtensibilityGlobals) = postSolution
		SolutionGuid = {ECBF51D2-E649-46F0-A7B9-91BC0461B828}
	EndGlobalSection
EndGlobal
